
Microsoft Visual Studio Solution File, Format Version 12.00
# Visual Studio 15
VisualStudioVersion = 15.0.26124.0
MinimumVisualStudioVersion = 15.0.26124.0
Project("{FAE04EC0-301F-11D3-BF4B-00C04F79EFBC}") = "IdentityServer", "IdentityServer\IdentityServer.csproj", "{EF4F6C4C-2E4E-4635-B7FC-FE1E2C48B4DA}"
EndProject
Project("{FAE04EC0-301F-11D3-BF4B-00C04F79EFBC}") = "Api", "Api\Api.csproj", "{723CBDE8-C2FD-425F-B730-96A72A017864}"
EndProject
Project("{FAE04EC0-301F-11D3-BF4B-00C04F79EFBC}") = "Client", "Client\Client.csproj", "{38E0D254-1737-41C6-9148-560CDA4C572A}"
EndProject
Global
	GlobalSection(SolutionConfigurationPlatforms) = preSolution
		Debug|Any CPU = Debug|Any CPU
		Debug|x64 = Debug|x64
		Debug|x86 = Debug|x86
		Release|Any CPU = Release|Any CPU
		Release|x64 = Release|x64
		Release|x86 = Release|x86
	EndGlobalSection
	GlobalSection(SolutionProperties) = preSolution
		HideSolutionNode = FALSE
	EndGlobalSection
	GlobalSection(ProjectConfigurationPlatforms) = postSolution
		{EF4F6C4C-2E4E-4635-B7FC-FE1E2C48B4DA}.Debug|Any CPU.ActiveCfg = Debug|Any CPU
		{EF4F6C4C-2E4E-4635-B7FC-FE1E2C48B4DA}.Debug|Any CPU.Build.0 = Debug|Any CPU
		{EF4F6C4C-2E4E-4635-B7FC-FE1E2C48B4DA}.Debug|x64.ActiveCfg = Debug|Any CPU
		{EF4F6C4C-2E4E-4635-B7FC-FE1E2C48B4DA}.Debug|x64.Build.0 = Debug|Any CPU
		{EF4F6C4C-2E4E-4635-B7FC-FE1E2C48B4DA}.Debug|x86.ActiveCfg = Debug|Any CPU
		{EF4F6C4C-2E4E-4635-B7FC-FE1E2C48B4DA}.Debug|x86.Build.0 = Debug|Any CPU
		{EF4F6C4C-2E4E-4635-B7FC-FE1E2C48B4DA}.Release|Any CPU.ActiveCfg = Release|Any CPU
		{EF4F6C4C-2E4E-4635-B7FC-FE1E2C48B4DA}.Release|Any CPU.Build.0 = Release|Any CPU
		{EF4F6C4C-2E4E-4635-B7FC-FE1E2C48B4DA}.Release|x64.ActiveCfg = Release|Any CPU
		{EF4F6C4C-2E4E-4635-B7FC-FE1E2C48B4DA}.Release|x64.Build.0 = Release|Any CPU
		{EF4F6C4C-2E4E-4635-B7FC-FE1E2C48B4DA}.Release|x86.ActiveCfg = Release|Any CPU
		{EF4F6C4C-2E4E-4635-B7FC-FE1E2C48B4DA}.Release|x86.Build.0 = Release|Any CPU
		{723CBDE8-C2FD-425F-B730-96A72A017864}.Debug|Any CPU.ActiveCfg = Debug|Any CPU
		{723CBDE8-C2FD-425F-B730-96A72A017864}.Debug|Any CPU.Build.0 = Debug|Any CPU
		{723CBDE8-C2FD-425F-B730-96A72A017864}.Debug|x64.ActiveCfg = Debug|Any CPU
		{723CBDE8-C2FD-425F-B730-96A72A017864}.Debug|x64.Build.0 = Debug|Any CPU
		{723CBDE8-C2FD-425F-B730-96A72A017864}.Debug|x86.ActiveCfg = Debug|Any CPU
		{723CBDE8-C2FD-425F-B730-96A72A017864}.Debug|x86.Build.0 = Debug|Any CPU
		{723CBDE8-C2FD-425F-B730-96A72A017864}.Release|Any CPU.ActiveCfg = Release|Any CPU
		{723CBDE8-C2FD-425F-B730-96A72A017864}.Release|Any CPU.Build.0 = Release|Any CPU
		{723CBDE8-C2FD-425F-B730-96A72A017864}.Release|x64.ActiveCfg = Release|Any CPU
		{723CBDE8-C2FD-425F-B730-96A72A017864}.Release|x64.Build.0 = Release|Any CPU
		{723CBDE8-C2FD-425F-B730-96A72A017864}.Release|x86.ActiveCfg = Release|Any CPU
		{723CBDE8-C2FD-425F-B730-96A72A017864}.Release|x86.Build.0 = Release|Any CPU
		{38E0D254-1737-41C6-9148-560CDA4C572A}.Debug|Any CPU.ActiveCfg = Debug|Any CPU
		{38E0D254-1737-41C6-9148-560CDA4C572A}.Debug|Any CPU.Build.0 = Debug|Any CPU
		{38E0D254-1737-41C6-9148-560CDA4C572A}.Debug|x64.ActiveCfg = Debug|Any CPU
		{38E0D254-1737-41C6-9148-560CDA4C572A}.Debug|x64.Build.0 = Debug|Any CPU
		{38E0D254-1737-41C6-9148-560CDA4C572A}.Debug|x86.ActiveCfg = Debug|Any CPU
		{38E0D254-1737-41C6-9148-560CDA4C572A}.Debug|x86.Build.0 = Debug|Any CPU
		{38E0D254-1737-41C6-9148-560CDA4C572A}.Release|Any CPU.ActiveCfg = Release|Any CPU
		{38E0D254-1737-41C6-9148-560CDA4C572A}.Release|Any CPU.Build.0 = Release|Any CPU
		{38E0D254-1737-41C6-9148-560CDA4C572A}.Release|x64.ActiveCfg = Release|Any CPU
		{38E0D254-1737-41C6-9148-560CDA4C572A}.Release|x64.Build.0 = Release|Any CPU
		{38E0D254-1737-41C6-9148-560CDA4C572A}.Release|x86.ActiveCfg = Release|Any CPU
		{38E0D254-1737-41C6-9148-560CDA4C572A}.Release|x86.Build.0 = Release|Any CPU
	EndGlobalSection
EndGlobal
